{
  "name": "moses",
  "version": "1.0.0",
  "lockfileVersion": 1,
  "requires": true,
  "dependencies": {
    "morse-decoder": {
      "version": "3.0.1",
      "resolved": "https://registry.npmjs.org/morse-decoder/-/morse-decoder-3.0.1.tgz",
      "integrity": "sha512-faNL+/T0LbZJOxT9dfCcfsl6VqUevGYYTNo5jxaM8uYO6LGS884mdpcHqAeIAUwiQjqxMq+VkiHev2K/oeM9Fw=="
    }
  }
}
