{
  "name": "readme-challange",
  "version": "1.0.0",
  "lockfileVersion": 1,
  "requires": true,
  "dependencies": {
    "cartesian-product": {
      "version": "2.1.2",
      "resolved": "https://registry.npmjs.org/cartesian-product/-/cartesian-product-2.1.2.tgz",
      "integrity": "sha1-yahGLFSrGaDF/TIZKSLiOatMpP0="
    }
  }
}
